github.com/orfjackal/nanospec.go v0.0.0-20120727230329-de4694c1d701 h1:yOXfzNV7qkZ3nf2NPqy4BMzlCmnQzIEbI1vuqKb2FkQ=
github.com/orfjackal/nanospec.go v0.0.0-20120727230329-de4694c1d701/go.mod h1:VtBIF1XX0c1nKkeAPk8i4aXkYopqQgfDqolHUIHPwNI=
github.com/rafrombrc/gomock v0.0.0-20150113192118-bcaa96eba53b h1:CFndkvLtFcyzPGEaQe7Kzv0t0A6bComzjxPMJPYM0N4=
github.com/rafrombrc/gomock v0.0.0-20150113192118-bcaa96eba53b/go.mod h1:md6KG58OrW50u5txwSbr886E8e9unLLzUlTwwq6YzcU=
github.com/rafrombrc/gospec v0.0.0-20121213232506-2e46585948f4 h1:qiLQC0iWJeDTGyquNnRrVyfSwUG2jyxI5CV/cU+F1UE=
github.com/rafrombrc/gospec v0.0.0-20121213232506-2e46585948f4/go.mod h1:P3c81VRt80v5x5NRUsozgHnA2GUejoHPh52zyd7otjI=
github.com/thoj/go-ircevent v0.0.0-20210723090443-73e444401d64 h1:l/T7dYuJEQZOwVOpjIXr1180aM9PZL/d1MnMVIxefX4=
github.com/thoj/go-ircevent v0.0.0-20210723090443-73e444401d64/go.mod h1:Q1NAJOuRdQCqN/VIWdnaaEhV8LpeO2rtlBP7/iDJNII=
golang.org/x/net v0.0.0-20210614182718-04defd469f4e/go.mod h1:9nx3DQGgdP8bBQD5qxJ1jj9UTztislL4KSBs9R2vV5Y=
golang.org/x/net v0.0.0-20220127200216-cd36cc0744dd h1:O7DYs+zxREGLKzKoMQrtrEacpb0ZVXA5rIwylE2Xchk=
golang.org/x/sys v0.0.0-20201119102817-f84b799fce68/go.mod h1:h1NjWce9XRLGQEsW7wpKNCjG9DtNlClVuFLEZdDNbEs=
golang.org/x/sys v0.0.0-20210423082822-04245dca01da/go.mod h1:h1NjWce9XRLGQEsW7wpKNCjG9DtNlClVuFLEZdDNbEs=
golang.org/x/term v0.0.0-20201126162022-7de9c90e9dd1/go.mod h1:bj7SfCRtBDWHUb9snDiAeCFNEtKQo2Wmx5Cou7ajbmo=
golang.org/x/text v0.3.6/go.mod h1:5Zoc/QRtKVWzQhOtBMvqHzDpF6irO9z98xDceosuGiQ=
golang.org/x/text v0.3.7 h1:olpwvP2KacW1ZWvsR7uQhoyTYvKAupfQrRGBFM352Gk=
golang.org/x/tools v0.0.0-20180917221912-90fa682c2a6e/go.mod h1:n7NCudcB/nEzxVGmLbDWY5pfWTLqBcC2KZ6jyYvM4mQ=
